
Microsoft Visual Studio Solution File, Format Version 12.00
# Visual Studio Version 16
VisualStudioVersion = 16.0.810.22
MinimumVisualStudioVersion = 10.0.40219.1
Project("{FAE04EC0-301F-11D3-BF4B-00C04F79EFBC}") = "mipis_lab7", "mipis_lab7\mipis_lab7.csproj", "{0E702D52-E3A1-4430-A713-DC7190541697}"
EndProject
Global
	GlobalSection(SolutionConfigurationPlatforms) = preSolution
		Debug|Any CPU = Debug|Any CPU
		Release|Any CPU = Release|Any CPU
	EndGlobalSection
	GlobalSection(ProjectConfigurationPlatforms) = postSolution
		{0E702D52-E3A1-4430-A713-DC7190541697}.Debug|Any CPU.ActiveCfg = Debug|Any CPU
		{0E702D52-E3A1-4430-A713-DC7190541697}.Debug|Any CPU.Build.0 = Debug|Any CPU
		{0E702D52-E3A1-4430-A713-DC7190541697}.Release|Any CPU.ActiveCfg = Release|Any CPU
		{0E702D52-E3A1-4430-A713-DC7190541697}.Release|Any CPU.Build.0 = Release|Any CPU
	EndGlobalSection
	GlobalSection(SolutionProperties) = preSolution
		HideSolutionNode = FALSE
	EndGlobalSection
	GlobalSection(ExtensibilityGlobals) = postSolution
		SolutionGuid = {92AD3A37-6F26-4AF3-9A70-BE011AE573A6}
	EndGlobalSection
EndGlobal
